
Microsoft Visual Studio Solution File, Format Version 12.00
# Visual Studio Version 17
VisualStudioVersion = 17.14.36212.18 d17.14
MinimumVisualStudioVersion = 10.0.40219.1
Project("{FAE04EC0-301F-11D3-BF4B-00C04F79EFBC}") = "RPGTexto", "RPGTexto\RPGTexto.csproj", "{BB49D2AB-F92B-4734-907C-029909930460}"
EndProject
Global
	GlobalSection(SolutionConfigurationPlatforms) = preSolution
		Debug|Any CPU = Debug|Any CPU
		Release|Any CPU = Release|Any CPU
	EndGlobalSection
	GlobalSection(ProjectConfigurationPlatforms) = postSolution
		{BB49D2AB-F92B-4734-907C-029909930460}.Debug|Any CPU.ActiveCfg = Debug|Any CPU
		{BB49D2AB-F92B-4734-907C-029909930460}.Debug|Any CPU.Build.0 = Debug|Any CPU
		{BB49D2AB-F92B-4734-907C-029909930460}.Release|Any CPU.ActiveCfg = Release|Any CPU
		{BB49D2AB-F92B-4734-907C-029909930460}.Release|Any CPU.Build.0 = Release|Any CPU
	EndGlobalSection
	GlobalSection(SolutionProperties) = preSolution
		HideSolutionNode = FALSE
	EndGlobalSection
	GlobalSection(ExtensibilityGlobals) = postSolution
		SolutionGuid = {0FD73C61-CBFB-43EA-810A-0DCF5F1BE407}
	EndGlobalSection
EndGlobal
